
Microsoft Visual Studio Solution File, Format Version 12.00
# Visual Studio Version 17
VisualStudioVersion = 17.7.34018.315
MinimumVisualStudioVersion = 10.0.40219.1
Project("{FAE04EC0-301F-11D3-BF4B-00C04F79EFBC}") = "CurrencyConverter_static", "CurrencyConverter_static\CurrencyConverter_static.csproj", "{B1BB9924-1089-4DB5-93DE-BE2B53CBD011}"
EndProject
Global
	GlobalSection(SolutionConfigurationPlatforms) = preSolution
		Debug|Any CPU = Debug|Any CPU
		Release|Any CPU = Release|Any CPU
	EndGlobalSection
	GlobalSection(ProjectConfigurationPlatforms) = postSolution
		{B1BB9924-1089-4DB5-93DE-BE2B53CBD011}.Debug|Any CPU.ActiveCfg = Debug|Any CPU
		{B1BB9924-1089-4DB5-93DE-BE2B53CBD011}.Debug|Any CPU.Build.0 = Debug|Any CPU
		{B1BB9924-1089-4DB5-93DE-BE2B53CBD011}.Release|Any CPU.ActiveCfg = Release|Any CPU
		{B1BB9924-1089-4DB5-93DE-BE2B53CBD011}.Release|Any CPU.Build.0 = Release|Any CPU
	EndGlobalSection
	GlobalSection(SolutionProperties) = preSolution
		HideSolutionNode = FALSE
	EndGlobalSection
	GlobalSection(ExtensibilityGlobals) = postSolution
		SolutionGuid = {26E60397-1BED-4B08-9D6B-488BA75E9185}
	EndGlobalSection
EndGlobal
